
Microsoft Visual Studio Solution File, Format Version 12.00
# Visual Studio Version 17
VisualStudioVersion = 17.11.35222.181
MinimumVisualStudioVersion = 10.0.40219.1
Project("{FAE04EC0-301F-11D3-BF4B-00C04F79EFBC}") = "ExPilhas01", "ExPilhas01\ExPilhas01.csproj", "{9D7DB940-0B19-4FB6-9D1C-D6D3E45FC08D}"
EndProject
Global
	GlobalSection(SolutionConfigurationPlatforms) = preSolution
		Debug|Any CPU = Debug|Any CPU
		Release|Any CPU = Release|Any CPU
	EndGlobalSection
	GlobalSection(ProjectConfigurationPlatforms) = postSolution
		{9D7DB940-0B19-4FB6-9D1C-D6D3E45FC08D}.Debug|Any CPU.ActiveCfg = Debug|Any CPU
		{9D7DB940-0B19-4FB6-9D1C-D6D3E45FC08D}.Debug|Any CPU.Build.0 = Debug|Any CPU
		{9D7DB940-0B19-4FB6-9D1C-D6D3E45FC08D}.Release|Any CPU.ActiveCfg = Release|Any CPU
		{9D7DB940-0B19-4FB6-9D1C-D6D3E45FC08D}.Release|Any CPU.Build.0 = Release|Any CPU
	EndGlobalSection
	GlobalSection(SolutionProperties) = preSolution
		HideSolutionNode = FALSE
	EndGlobalSection
	GlobalSection(ExtensibilityGlobals) = postSolution
		SolutionGuid = {189E5C11-7D5A-44F4-ACFD-6E714EC82A38}
	EndGlobalSection
EndGlobal
