
Microsoft Visual Studio Solution File, Format Version 12.00
# Visual Studio Version 17
VisualStudioVersion = 17.11.35312.102
MinimumVisualStudioVersion = 10.0.40219.1
Project("{FAE04EC0-301F-11D3-BF4B-00C04F79EFBC}") = "ExQueueStack2", "ExQueueStack2\ExQueueStack2.csproj", "{B8E0982D-FD77-4024-B85E-20EA615416EF}"
EndProject
Global
	GlobalSection(SolutionConfigurationPlatforms) = preSolution
		Debug|Any CPU = Debug|Any CPU
		Release|Any CPU = Release|Any CPU
	EndGlobalSection
	GlobalSection(ProjectConfigurationPlatforms) = postSolution
		{B8E0982D-FD77-4024-B85E-20EA615416EF}.Debug|Any CPU.ActiveCfg = Debug|Any CPU
		{B8E0982D-FD77-4024-B85E-20EA615416EF}.Debug|Any CPU.Build.0 = Debug|Any CPU
		{B8E0982D-FD77-4024-B85E-20EA615416EF}.Release|Any CPU.ActiveCfg = Release|Any CPU
		{B8E0982D-FD77-4024-B85E-20EA615416EF}.Release|Any CPU.Build.0 = Release|Any CPU
	EndGlobalSection
	GlobalSection(SolutionProperties) = preSolution
		HideSolutionNode = FALSE
	EndGlobalSection
	GlobalSection(ExtensibilityGlobals) = postSolution
		SolutionGuid = {2A25037A-44F4-4D71-9081-AB304B440A81}
	EndGlobalSection
EndGlobal
