
Microsoft Visual Studio Solution File, Format Version 12.00
# Visual Studio Version 17
VisualStudioVersion = 17.11.35222.181
MinimumVisualStudioVersion = 10.0.40219.1
Project("{FAE04EC0-301F-11D3-BF4B-00C04F79EFBC}") = "Ex1", "Ex1\Ex1.csproj", "{09DBC6AC-E6D1-4011-9F20-2C01FC566D11}"
EndProject
Global
	GlobalSection(SolutionConfigurationPlatforms) = preSolution
		Debug|Any CPU = Debug|Any CPU
		Release|Any CPU = Release|Any CPU
	EndGlobalSection
	GlobalSection(ProjectConfigurationPlatforms) = postSolution
		{09DBC6AC-E6D1-4011-9F20-2C01FC566D11}.Debug|Any CPU.ActiveCfg = Debug|Any CPU
		{09DBC6AC-E6D1-4011-9F20-2C01FC566D11}.Debug|Any CPU.Build.0 = Debug|Any CPU
		{09DBC6AC-E6D1-4011-9F20-2C01FC566D11}.Release|Any CPU.ActiveCfg = Release|Any CPU
		{09DBC6AC-E6D1-4011-9F20-2C01FC566D11}.Release|Any CPU.Build.0 = Release|Any CPU
	EndGlobalSection
	GlobalSection(SolutionProperties) = preSolution
		HideSolutionNode = FALSE
	EndGlobalSection
	GlobalSection(ExtensibilityGlobals) = postSolution
		SolutionGuid = {2E7C9D3F-B36D-4E7A-A127-A1C9446B5B17}
	EndGlobalSection
EndGlobal
