
Microsoft Visual Studio Solution File, Format Version 12.00
# Visual Studio Version 17
VisualStudioVersion = 17.11.35312.102
MinimumVisualStudioVersion = 10.0.40219.1
Project("{FAE04EC0-301F-11D3-BF4B-00C04F79EFBC}") = "Exercicio02", "Exercicio02\Exercicio02.csproj", "{39B53E81-61FE-41C2-8442-AE4B7FCD5291}"
EndProject
Global
	GlobalSection(SolutionConfigurationPlatforms) = preSolution
		Debug|Any CPU = Debug|Any CPU
		Release|Any CPU = Release|Any CPU
	EndGlobalSection
	GlobalSection(ProjectConfigurationPlatforms) = postSolution
		{39B53E81-61FE-41C2-8442-AE4B7FCD5291}.Debug|Any CPU.ActiveCfg = Debug|Any CPU
		{39B53E81-61FE-41C2-8442-AE4B7FCD5291}.Debug|Any CPU.Build.0 = Debug|Any CPU
		{39B53E81-61FE-41C2-8442-AE4B7FCD5291}.Release|Any CPU.ActiveCfg = Release|Any CPU
		{39B53E81-61FE-41C2-8442-AE4B7FCD5291}.Release|Any CPU.Build.0 = Release|Any CPU
	EndGlobalSection
	GlobalSection(SolutionProperties) = preSolution
		HideSolutionNode = FALSE
	EndGlobalSection
	GlobalSection(ExtensibilityGlobals) = postSolution
		SolutionGuid = {B3A00240-A15C-48B6-B664-D501F8D7F961}
	EndGlobalSection
EndGlobal
